
Microsoft Visual Studio Solution File, Format Version 12.00
# Visual Studio Version 17
VisualStudioVersion = 17.3.32825.248
MinimumVisualStudioVersion = 10.0.40219.1
Project("{FAE04EC0-301F-11D3-BF4B-00C04F79EFBC}") = "AsyncTask", "AsyncTask\AsyncTask.csproj", "{39025E2A-C059-4AB7-B51A-C3C54A28BA53}"
EndProject
Global
	GlobalSection(SolutionConfigurationPlatforms) = preSolution
		Debug|Any CPU = Debug|Any CPU
		Release|Any CPU = Release|Any CPU
	EndGlobalSection
	GlobalSection(ProjectConfigurationPlatforms) = postSolution
		{39025E2A-C059-4AB7-B51A-C3C54A28BA53}.Debug|Any CPU.ActiveCfg = Debug|Any CPU
		{39025E2A-C059-4AB7-B51A-C3C54A28BA53}.Debug|Any CPU.Build.0 = Debug|Any CPU
		{39025E2A-C059-4AB7-B51A-C3C54A28BA53}.Release|Any CPU.ActiveCfg = Release|Any CPU
		{39025E2A-C059-4AB7-B51A-C3C54A28BA53}.Release|Any CPU.Build.0 = Release|Any CPU
	EndGlobalSection
	GlobalSection(SolutionProperties) = preSolution
		HideSolutionNode = FALSE
	EndGlobalSection
	GlobalSection(ExtensibilityGlobals) = postSolution
		SolutionGuid = {4D317E27-64A1-454B-8468-0A2D3F0B35FF}
	EndGlobalSection
EndGlobal
